// !$*UTF8*$!
{
	archiveVersion = 1;
	classes = {
	};
	objectVersion = 46;
	objects = {

/* Begin PBXBuildFile section */
		207ABE7D1BC8A5EA0091F26B /* AppDelegate.swift in Sources */ = {isa = PBXBuildFile; fileRef = 207ABE7C1BC8A5EA0091F26B /* AppDelegate.swift */; };
		207ABE7F1BC8A5EA0091F26B /* ViewController.swift in Sources */ = {isa = PBXBuildFile; fileRef = 207ABE7E1BC8A5EA0091F26B /* ViewController.swift */; };
		207ABE841BC8A5EA0091F26B /* Assets.xcassets in Resources */ = {isa = PBXBuildFile; fileRef = 207ABE831BC8A5EA0091F26B /* Assets.xcassets */; };
		207ABE871BC8A5EA0091F26B /* LaunchScreen.storyboard in Resources */ = {isa = PBXBuildFile; fileRef = 207ABE851BC8A5EA0091F26B /* LaunchScreen.storyboard */; };
		207ABE8C1BC8A5EA0091F26B /* On Q WatchKit App.app in Embed Watch Content */ = {isa = PBXBuildFile; fileRef = 207ABE8B1BC8A5EA0091F26B /* On Q WatchKit App.app */; };
		207ABE921BC8A5EA0091F26B /* Interface.storyboard in Resources */ = {isa = PBXBuildFile; fileRef = 207ABE901BC8A5EA0091F26B /* Interface.storyboard */; };
		207ABE941BC8A5EA0091F26B /* Assets.xcassets in Resources */ = {isa = PBXBuildFile; fileRef = 207ABE931BC8A5EA0091F26B /* Assets.xcassets */; };
		207ABE9B1BC8A5EA0091F26B /* On Q WatchKit Extension.appex in Embed App Extensions */ = {isa = PBXBuildFile; fileRef = 207ABE9A1BC8A5EA0091F26B /* On Q WatchKit Extension.appex */; settings = {ATTRIBUTES = (RemoveHeadersOnCopy, ); }; };
		207ABEA21BC8A5EA0091F26B /* ExtensionDelegate.swift in Sources */ = {isa = PBXBuildFile; fileRef = 207ABEA11BC8A5EA0091F26B /* ExtensionDelegate.swift */; };
		207ABEA41BC8A5EA0091F26B /* Assets.xcassets in Resources */ = {isa = PBXBuildFile; fileRef = 207ABEA31BC8A5EA0091F26B /* Assets.xcassets */; };
		207ABEC01BC8BF870091F26B /* PhoneConnectivity.swift in Sources */ = {isa = PBXBuildFile; fileRef = 207ABEBF1BC8BF870091F26B /* PhoneConnectivity.swift */; };
		207ABEC21BC8BFD10091F26B /* PhoneData.swift in Sources */ = {isa = PBXBuildFile; fileRef = 207ABEC11BC8BFD10091F26B /* PhoneData.swift */; };
		207ABEC41BC8C08E0091F26B /* PromptsTableViewController.swift in Sources */ = {isa = PBXBuildFile; fileRef = 207ABEC31BC8C08E0091F26B /* PromptsTableViewController.swift */; };
		207ABEC61BC8C0B60091F26B /* NewPromptViewController.swift in Sources */ = {isa = PBXBuildFile; fileRef = 207ABEC51BC8C0B60091F26B /* NewPromptViewController.swift */; };
		207ABEC81BC8C0FC0091F26B /* Main.storyboard in Resources */ = {isa = PBXBuildFile; fileRef = 207ABEC71BC8C0FC0091F26B /* Main.storyboard */; };
		20D0A8871BD1882B00011542 /* SharedConstants.swift in Sources */ = {isa = PBXBuildFile; fileRef = 20D0A8861BD1882B00011542 /* SharedConstants.swift */; };
		20D0A8881BD1882B00011542 /* SharedConstants.swift in Sources */ = {isa = PBXBuildFile; fileRef = 20D0A8861BD1882B00011542 /* SharedConstants.swift */; };
		20D0A88A1BD1906600011542 /* WatchConnectivity.swift in Sources */ = {isa = PBXBuildFile; fileRef = 20D0A8891BD1906600011542 /* WatchConnectivity.swift */; };
		20D0A88C1BD1907700011542 /* WatchData.swift in Sources */ = {isa = PBXBuildFile; fileRef = 20D0A88B1BD1907700011542 /* WatchData.swift */; };
		20D0A88E1BD1908700011542 /* PromptsInterfaceController.swift in Sources */ = {isa = PBXBuildFile; fileRef = 20D0A88D1BD1908700011542 /* PromptsInterfaceController.swift */; };
		20D0A8901BD1909500011542 /* DetailsInterfaceController.swift in Sources */ = {isa = PBXBuildFile; fileRef = 20D0A88F1BD1909500011542 /* DetailsInterfaceController.swift */; };
/* End PBXBuildFile section */

/* Begin PBXContainerItemProxy section */
		207ABE8D1BC8A5EA0091F26B /* PBXContainerItemProxy */ = {
			isa = PBXContainerItemProxy;
			containerPortal = 207ABE711BC8A5EA0091F26B /* Project object */;
			proxyType = 1;
			remoteGlobalIDString = 207ABE8A1BC8A5EA0091F26B;
			remoteInfo = "On Q WatchKit App";
		};
		207ABE9C1BC8A5EA0091F26B /* PBXContainerItemProxy */ = {
			isa = PBXContainerItemProxy;
			containerPortal = 207ABE711BC8A5EA0091F26B /* Project object */;
			proxyType = 1;
			remoteGlobalIDString = 207ABE991BC8A5EA0091F26B;
			remoteInfo = "On Q WatchKit Extension";
		};
/* End PBXContainerItemProxy section */

/* Begin PBXCopyFilesBuildPhase section */
		207ABEAB1BC8A5EA0091F26B /* Embed App Extensions */ = {
			isa = PBXCopyFilesBuildPhase;
			buildActionMask = 2147483647;
			dstPath = "";
			dstSubfolderSpec = 13;
			files = (
				207ABE9B1BC8A5EA0091F26B /* On Q WatchKit Extension.appex in Embed App Extensions */,
			);
			name = "Embed App Extensions";
			runOnlyForDeploymentPostprocessing = 0;
		};
		207ABEAF1BC8A5EA0091F26B /* Embed Watch Content */ = {
			isa = PBXCopyFilesBuildPhase;
			buildActionMask = 2147483647;
			dstPath = "$(CONTENTS_FOLDER_PATH)/Watch";
			dstSubfolderSpec = 16;
			files = (
				207ABE8C1BC8A5EA0091F26B /* On Q WatchKit App.app in Embed Watch Content */,
			);
			name = "Embed Watch Content";
			runOnlyForDeploymentPostprocessing = 0;
		};
/* End PBXCopyFilesBuildPhase section */

/* Begin PBXFileReference section */
		207ABE791BC8A5EA0091F26B /* On Q.app */ = {isa = PBXFileReference; explicitFileType = wrapper.application; includeInIndex = 0; path = "On Q.app"; sourceTree = BUILT_PRODUCTS_DIR; };
		207ABE7C1BC8A5EA0091F26B /* AppDelegate.swift */ = {isa = PBXFileReference; lastKnownFileType = sourcecode.swift; path = AppDelegate.swift; sourceTree = "<group>"; };
		207ABE7E1BC8A5EA0091F26B /* ViewController.swift */ = {isa = PBXFileReference; lastKnownFileType = sourcecode.swift; path = ViewController.swift; sourceTree = "<group>"; };
		207ABE831BC8A5EA0091F26B /* Assets.xcassets */ = {isa = PBXFileReference; lastKnownFileType = folder.assetcatalog; path = Assets.xcassets; sourceTree = "<group>"; };
		207ABE861BC8A5EA0091F26B /* Base */ = {isa = PBXFileReference; lastKnownFileType = file.storyboard; name = Base; path = Base.lproj/LaunchScreen.storyboard; sourceTree = "<group>"; };
		207ABE881BC8A5EA0091F26B /* Info.plist */ = {isa = PBXFileReference; lastKnownFileType = text.plist.xml; path = Info.plist; sourceTree = "<group>"; };
		207ABE8B1BC8A5EA0091F26B /* On Q WatchKit App.app */ = {isa = PBXFileReference; explicitFileType = wrapper.application; includeInIndex = 0; path = "On Q WatchKit App.app"; sourceTree = BUILT_PRODUCTS_DIR; };
		207ABE911BC8A5EA0091F26B /* Base */ = {isa = PBXFileReference; lastKnownFileType = file.storyboard; name = Base; path = Base.lproj/Interface.storyboard; sourceTree = "<group>"; };
		207ABE931BC8A5EA0091F26B /* Assets.xcassets */ = {isa = PBXFileReference; lastKnownFileType = folder.assetcatalog; path = Assets.xcassets; sourceTree = "<group>"; };
		207ABE951BC8A5EA0091F26B /* Info.plist */ = {isa = PBXFileReference; lastKnownFileType = text.plist.xml; path = Info.plist; sourceTree = "<group>"; };
		207ABE9A1BC8A5EA0091F26B /* On Q WatchKit Extension.appex */ = {isa = PBXFileReference; explicitFileType = "wrapper.app-extension"; includeInIndex = 0; path = "On Q WatchKit Extension.appex"; sourceTree = BUILT_PRODUCTS_DIR; };
		207ABEA11BC8A5EA0091F26B /* ExtensionDelegate.swift */ = {isa = PBXFileReference; lastKnownFileType = sourcecode.swift; path = ExtensionDelegate.swift; sourceTree = "<group>"; };
		207ABEA31BC8A5EA0091F26B /* Assets.xcassets */ = {isa = PBXFileReference; lastKnownFileType = folder.assetcatalog; path = Assets.xcassets; sourceTree = "<group>"; };
		207ABEA51BC8A5EA0091F26B /* Info.plist */ = {isa = PBXFileReference; lastKnownFileType = text.plist.xml; path = Info.plist; sourceTree = "<group>"; };
		207ABEBF1BC8BF870091F26B /* PhoneConnectivity.swift */ = {isa = PBXFileReference; fileEncoding = 4; lastKnownFileType = sourcecode.swift; path = PhoneConnectivity.swift; sourceTree = "<group>"; };
		207ABEC11BC8BFD10091F26B /* PhoneData.swift */ = {isa = PBXFileReference; fileEncoding = 4; lastKnownFileType = sourcecode.swift; path = PhoneData.swift; sourceTree = "<group>"; };
		207ABEC31BC8C08E0091F26B /* PromptsTableViewController.swift */ = {isa = PBXFileReference; fileEncoding = 4; lastKnownFileType = sourcecode.swift; path = PromptsTableViewController.swift; sourceTree = "<group>"; };
		207ABEC51BC8C0B60091F26B /* NewPromptViewController.swift */ = {isa = PBXFileReference; fileEncoding = 4; lastKnownFileType = sourcecode.swift; path = NewPromptViewController.swift; sourceTree = "<group>"; };
		207ABEC71BC8C0FC0091F26B /* Main.storyboard */ = {isa = PBXFileReference; fileEncoding = 4; lastKnownFileType = file.storyboard; path = Main.storyboard; sourceTree = "<group>"; };
		20D0A8861BD1882B00011542 /* SharedConstants.swift */ = {isa = PBXFileReference; fileEncoding = 4; lastKnownFileType = sourcecode.swift; path = SharedConstants.swift; sourceTree = "<group>"; };
		20D0A8891BD1906600011542 /* WatchConnectivity.swift */ = {isa = PBXFileReference; fileEncoding = 4; lastKnownFileType = sourcecode.swift; path = WatchConnectivity.swift; sourceTree = "<group>"; };
		20D0A88B1BD1907700011542 /* WatchData.swift */ = {isa = PBXFileReference; fileEncoding = 4; lastKnownFileType = sourcecode.swift; path = WatchData.swift; sourceTree = "<group>"; };
		20D0A88D1BD1908700011542 /* PromptsInterfaceController.swift */ = {isa = PBXFileReference; fileEncoding = 4; lastKnownFileType = sourcecode.swift; path = PromptsInterfaceController.swift; sourceTree = "<group>"; };
		20D0A88F1BD1909500011542 /* DetailsInterfaceController.swift */ = {isa = PBXFileReference; fileEncoding = 4; lastKnownFileType = sourcecode.swift; path = DetailsInterfaceController.swift; sourceTree = "<group>"; };
/* End PBXFileReference section */

/* Begin PBXFrameworksBuildPhase section */
		207ABE761BC8A5EA0091F26B /* Frameworks */ = {
			isa = PBXFrameworksBuildPhase;
			buildActionMask = 2147483647;
			files = (
			);
			runOnlyForDeploymentPostprocessing = 0;
		};
		207ABE971BC8A5EA0091F26B /* Frameworks */ = {
			isa = PBXFrameworksBuildPhase;
			buildActionMask = 2147483647;
			files = (
			);
			runOnlyForDeploymentPostprocessing = 0;
		};
/* End PBXFrameworksBuildPhase section */

/* Begin PBXGroup section */
		207ABE701BC8A5EA0091F26B = {
			isa = PBXGroup;
			children = (
				20D0A8861BD1882B00011542 /* SharedConstants.swift */,
				207ABE7B1BC8A5EA0091F26B /* On Q */,
				207ABE8F1BC8A5EA0091F26B /* On Q WatchKit App */,
				207ABE9E1BC8A5EA0091F26B /* On Q WatchKit Extension */,
				207ABE7A1BC8A5EA0091F26B /* Products */,
			);
			sourceTree = "<group>";
		};
		207ABE7A1BC8A5EA0091F26B /* Products */ = {
			isa = PBXGroup;
			children = (
				207ABE791BC8A5EA0091F26B /* On Q.app */,
				207ABE8B1BC8A5EA0091F26B /* On Q WatchKit App.app */,
				207ABE9A1BC8A5EA0091F26B /* On Q WatchKit Extension.appex */,
			);
			name = Products;
			sourceTree = "<group>";
		};
		207ABE7B1BC8A5EA0091F26B /* On Q */ = {
			isa = PBXGroup;
			children = (
				207ABE7C1BC8A5EA0091F26B /* AppDelegate.swift */,
				207ABE7E1BC8A5EA0091F26B /* ViewController.swift */,
				207ABEBF1BC8BF870091F26B /* PhoneConnectivity.swift */,
				207ABEC11BC8BFD10091F26B /* PhoneData.swift */,
				207ABEC31BC8C08E0091F26B /* PromptsTableViewController.swift */,
				207ABEC51BC8C0B60091F26B /* NewPromptViewController.swift */,
				207ABEC71BC8C0FC0091F26B /* Main.storyboard */,
				207ABE851BC8A5EA0091F26B /* LaunchScreen.storyboard */,
				207ABE831BC8A5EA0091F26B /* Assets.xcassets */,
				207ABE881BC8A5EA0091F26B /* Info.plist */,
			);
			path = "On Q";
			sourceTree = "<group>";
		};
		207ABE8F1BC8A5EA0091F26B /* On Q WatchKit App */ = {
			isa = PBXGroup;
			children = (
				207ABE901BC8A5EA0091F26B /* Interface.storyboard */,
				207ABE931BC8A5EA0091F26B /* Assets.xcassets */,
				207ABE951BC8A5EA0091F26B /* Info.plist */,
			);
			path = "On Q WatchKit App";
			sourceTree = "<group>";
		};
		207ABE9E1BC8A5EA0091F26B /* On Q WatchKit Extension */ = {
			isa = PBXGroup;
			children = (
				207ABEA11BC8A5EA0091F26B /* ExtensionDelegate.swift */,
				207ABEA31BC8A5EA0091F26B /* Assets.xcassets */,
				207ABEA51BC8A5EA0091F26B /* Info.plist */,
				20D0A8891BD1906600011542 /* WatchConnectivity.swift */,
				20D0A88B1BD1907700011542 /* WatchData.swift */,
				20D0A88D1BD1908700011542 /* PromptsInterfaceController.swift */,
				20D0A88F1BD1909500011542 /* DetailsInterfaceController.swift */,
			);
			path = "On Q WatchKit Extension";
			sourceTree = "<group>";
		};
/* End PBXGroup section */

/* Begin PBXNativeTarget section */
		207ABE781BC8A5EA0091F26B /* On Q */ = {
			isa = PBXNativeTarget;
			buildConfigurationList = 207ABEB01BC8A5EA0091F26B /* Build configuration list for PBXNativeTarget "On Q" */;
			buildPhases = (
				207ABE751BC8A5EA0091F26B /* Sources */,
				207ABE761BC8A5EA0091F26B /* Frameworks */,
				207ABE771BC8A5EA0091F26B /* Resources */,
				207ABEAF1BC8A5EA0091F26B /* Embed Watch Content */,
			);
			buildRules = (
			);
			dependencies = (
				207ABE8E1BC8A5EA0091F26B /* PBXTargetDependency */,
			);
			name = "On Q";
			productName = "On Q";
			productReference = 207ABE791BC8A5EA0091F26B /* On Q.app */;
			productType = "com.apple.product-type.application";
		};
		207ABE8A1BC8A5EA0091F26B /* On Q WatchKit App */ = {
			isa = PBXNativeTarget;
			buildConfigurationList = 207ABEAC1BC8A5EA0091F26B /* Build configuration list for PBXNativeTarget "On Q WatchKit App" */;
			buildPhases = (
				207ABE891BC8A5EA0091F26B /* Resources */,
				207ABEAB1BC8A5EA0091F26B /* Embed App Extensions */,
			);
			buildRules = (
			);
			dependencies = (
				207ABE9D1BC8A5EA0091F26B /* PBXTargetDependency */,
			);
			name = "On Q WatchKit App";
			productName = "On Q WatchKit App";
			productReference = 207ABE8B1BC8A5EA0091F26B /* On Q WatchKit App.app */;
			productType = "com.apple.product-type.application.watchapp2";
		};
		207ABE991BC8A5EA0091F26B /* On Q WatchKit Extension */ = {
			isa = PBXNativeTarget;
			buildConfigurationList = 207ABEA81BC8A5EA0091F26B /* Build configuration list for PBXNativeTarget "On Q WatchKit Extension" */;
			buildPhases = (
				207ABE961BC8A5EA0091F26B /* Sources */,
				207ABE971BC8A5EA0091F26B /* Frameworks */,
				207ABE981BC8A5EA0091F26B /* Resources */,
			);
			buildRules = (
			);
			dependencies = (
			);
			name = "On Q WatchKit Extension";
			productName = "On Q WatchKit Extension";
			productReference = 207ABE9A1BC8A5EA0091F26B /* On Q WatchKit Extension.appex */;
			productType = "com.apple.product-type.watchkit2-extension";
		};
/* End PBXNativeTarget section */

/* Begin PBXProject section */
		207ABE711BC8A5EA0091F26B /* Project object */ = {
			isa = PBXProject;
			attributes = {
				LastUpgradeCheck = 0700;
				ORGANIZATIONNAME = "Stuart Grimshaw";
				TargetAttributes = {
					207ABE781BC8A5EA0091F26B = {
						CreatedOnToolsVersion = 7.0;
					};
					207ABE8A1BC8A5EA0091F26B = {
						CreatedOnToolsVersion = 7.0;
					};
					207ABE991BC8A5EA0091F26B = {
						CreatedOnToolsVersion = 7.0;
					};
				};
			};
			buildConfigurationList = 207ABE741BC8A5EA0091F26B /* Build configuration list for PBXProject "On Q" */;
			compatibilityVersion = "Xcode 3.2";
			developmentRegion = English;
			hasScannedForEncodings = 0;
			knownRegions = (
				en,
				Base,
			);
			mainGroup = 207ABE701BC8A5EA0091F26B;
			productRefGroup = 207ABE7A1BC8A5EA0091F26B /* Products */;
			projectDirPath = "";
			projectRoot = "";
			targets = (
				207ABE781BC8A5EA0091F26B /* On Q */,
				207ABE8A1BC8A5EA0091F26B /* On Q WatchKit App */,
				207ABE991BC8A5EA0091F26B /* On Q WatchKit Extension */,
			);
		};
/* End PBXProject section */

/* Begin PBXResourcesBuildPhase section */
		207ABE771BC8A5EA0091F26B /* Resources */ = {
			isa = PBXResourcesBuildPhase;
			buildActionMask = 2147483647;
			files = (
				207ABE871BC8A5EA0091F26B /* LaunchScreen.storyboard in Resources */,
				207ABE841BC8A5EA0091F26B /* Assets.xcassets in Resources */,
				207ABEC81BC8C0FC0091F26B /* Main.storyboard in Resources */,
			);
			runOnlyForDeploymentPostprocessing = 0;
		};
		207ABE891BC8A5EA0091F26B /* Resources */ = {
			isa = PBXResourcesBuildPhase;
			buildActionMask = 2147483647;
			files = (
				207ABE941BC8A5EA0091F26B /* Assets.xcassets in Resources */,
				207ABE921BC8A5EA0091F26B /* Interface.storyboard in Resources */,
			);
			runOnlyForDeploymentPostprocessing = 0;
		};
		207ABE981BC8A5EA0091F26B /* Resources */ = {
			isa = PBXResourcesBuildPhase;
			buildActionMask = 2147483647;
			files = (
				207ABEA41BC8A5EA0091F26B /* Assets.xcassets in Resources */,
			);
			runOnlyForDeploymentPostprocessing = 0;
		};
/* End PBXResourcesBuildPhase section */

/* Begin PBXSourcesBuildPhase section */
		207ABE751BC8A5EA0091F26B /* Sources */ = {
			isa = PBXSourcesBuildPhase;
			buildActionMask = 2147483647;
			files = (
				207ABEC21BC8BFD10091F26B /* PhoneData.swift in Sources */,
				207ABEC41BC8C08E0091F26B /* PromptsTableViewController.swift in Sources */,
				207ABE7F1BC8A5EA0091F26B /* ViewController.swift in Sources */,
				207ABEC61BC8C0B60091F26B /* NewPromptViewController.swift in Sources */,
				20D0A8871BD1882B00011542 /* SharedConstants.swift in Sources */,
				207ABEC01BC8BF870091F26B /* PhoneConnectivity.swift in Sources */,
				207ABE7D1BC8A5EA0091F26B /* AppDelegate.swift in Sources */,
			);
			runOnlyForDeploymentPostprocessing = 0;
		};
		207ABE961BC8A5EA0091F26B /* Sources */ = {
			isa = PBXSourcesBuildPhase;
			buildActionMask = 2147483647;
			files = (
				20D0A88A1BD1906600011542 /* WatchConnectivity.swift in Sources */,
				207ABEA21BC8A5EA0091F26B /* ExtensionDelegate.swift in Sources */,
				20D0A8881BD1882B00011542 /* SharedConstants.swift in Sources */,
				20D0A88C1BD1907700011542 /* WatchData.swift in Sources */,
				20D0A88E1BD1908700011542 /* PromptsInterfaceController.swift in Sources */,
				20D0A8901BD1909500011542 /* DetailsInterfaceController.swift in Sources */,
			);
			runOnlyForDeploymentPostprocessing = 0;
		};
/* End PBXSourcesBuildPhase section */

/* Begin PBXTargetDependency section */
		207ABE8E1BC8A5EA0091F26B /* PBXTargetDependency */ = {
			isa = PBXTargetDependency;
			target = 207ABE8A1BC8A5EA0091F26B /* On Q WatchKit App */;
			targetProxy = 207ABE8D1BC8A5EA0091F26B /* PBXContainerItemProxy */;
		};
		207ABE9D1BC8A5EA0091F26B /* PBXTargetDependency */ = {
			isa = PBXTargetDependency;
			target = 207ABE991BC8A5EA0091F26B /* On Q WatchKit Extension */;
			targetProxy = 207ABE9C1BC8A5EA0091F26B /* PBXContainerItemProxy */;
		};
/* End PBXTargetDependency section */

/* Begin PBXVariantGroup section */
		207ABE851BC8A5EA0091F26B /* LaunchScreen.storyboard */ = {
			isa = PBXVariantGroup;
			children = (
				207ABE861BC8A5EA0091F26B /* Base */,
			);
			name = LaunchScreen.storyboard;
			sourceTree = "<group>";
		};
		207ABE901BC8A5EA0091F26B /* Interface.storyboard */ = {
			isa = PBXVariantGroup;
			children = (
				207ABE911BC8A5EA0091F26B /* Base */,
			);
			name = Interface.storyboard;
			sourceTree = "<group>";
		};
/* End PBXVariantGroup section */

/* Begin XCBuildConfiguration section */
		207ABEA61BC8A5EA0091F26B /* Debug */ = {
			isa = XCBuildConfiguration;
			buildSettings = {
				ALWAYS_SEARCH_USER_PATHS = NO;
				CLANG_CXX_LANGUAGE_STANDARD = "gnu++0x";
				CLANG_CXX_LIBRARY = "libc++";
				CLANG_ENABLE_MODULES = YES;
				CLANG_ENABLE_OBJC_ARC = YES;
				CLANG_WARN_BOOL_CONVERSION = YES;
				CLANG_WARN_CONSTANT_CONVERSION = YES;
				CLANG_WARN_DIRECT_OBJC_ISA_USAGE = YES_ERROR;
				CLANG_WARN_EMPTY_BODY = YES;
				CLANG_WARN_ENUM_CONVERSION = YES;
				CLANG_WARN_INT_CONVERSION = YES;
				CLANG_WARN_OBJC_ROOT_CLASS = YES_ERROR;
				CLANG_WARN_UNREACHABLE_CODE = YES;
				CLANG_WARN__DUPLICATE_METHOD_MATCH = YES;
				"CODE_SIGN_IDENTITY[sdk=iphoneos*]" = "iPhone Developer";
				COPY_PHASE_STRIP = NO;
				DEBUG_INFORMATION_FORMAT = dwarf;
				ENABLE_STRICT_OBJC_MSGSEND = YES;
				ENABLE_TESTABILITY = YES;
				GCC_C_LANGUAGE_STANDARD = gnu99;
				GCC_DYNAMIC_NO_PIC = NO;
				GCC_NO_COMMON_BLOCKS = YES;
				GCC_OPTIMIZATION_LEVEL = 0;
				GCC_PREPROCESSOR_DEFINITIONS = (
					"DEBUG=1",
					"$(inherited)",
				);
				GCC_WARN_64_TO_32_BIT_CONVERSION = YES;
				GCC_WARN_ABOUT_RETURN_TYPE = YES_ERROR;
				GCC_WARN_UNDECLARED_SELECTOR = YES;
				GCC_WARN_UNINITIALIZED_AUTOS = YES_AGGRESSIVE;
				GCC_WARN_UNUSED_FUNCTION = YES;
				GCC_WARN_UNUSED_VARIABLE = YES;
				IPHONEOS_DEPLOYMENT_TARGET = 9.0;
				MTL_ENABLE_DEBUG_INFO = YES;
				ONLY_ACTIVE_ARCH = YES;
				SDKROOT = iphoneos;
				SWIFT_OPTIMIZATION_LEVEL = "-Onone";
			};
			name = Debug;
		};
		207ABEA71BC8A5EA0091F26B /* Release */ = {
			isa = XCBuildConfiguration;
			buildSettings = {
				ALWAYS_SEARCH_USER_PATHS = NO;
				CLANG_CXX_LANGUAGE_STANDARD = "gnu++0x";
				CLANG_CXX_LIBRARY = "libc++";
				CLANG_ENABLE_MODULES = YES;
				CLANG_ENABLE_OBJC_ARC = YES;
				CLANG_WARN_BOOL_CONVERSION = YES;
				CLANG_WARN_CONSTANT_CONVERSION = YES;
				CLANG_WARN_DIRECT_OBJC_ISA_USAGE = YES_ERROR;
				CLANG_WARN_EMPTY_BODY = YES;
				CLANG_WARN_ENUM_CONVERSION = YES;
				CLANG_WARN_INT_CONVERSION = YES;
				CLANG_WARN_OBJC_ROOT_CLASS = YES_ERROR;
				CLANG_WARN_UNREACHABLE_CODE = YES;
				CLANG_WARN__DUPLICATE_METHOD_MATCH = YES;
				"CODE_SIGN_IDENTITY[sdk=iphoneos*]" = "iPhone Developer";
				COPY_PHASE_STRIP = NO;
				DEBUG_INFORMATION_FORMAT = "dwarf-with-dsym";
				ENABLE_NS_ASSERTIONS = NO;
				ENABLE_STRICT_OBJC_MSGSEND = YES;
				GCC_C_LANGUAGE_STANDARD = gnu99;
				GCC_NO_COMMON_BLOCKS = YES;
				GCC_WARN_64_TO_32_BIT_CONVERSION = YES;
				GCC_WARN_ABOUT_RETURN_TYPE = YES_ERROR;
				GCC_WARN_UNDECLARED_SELECTOR = YES;
				GCC_WARN_UNINITIALIZED_AUTOS = YES_AGGRESSIVE;
				GCC_WARN_UNUSED_FUNCTION = YES;
				GCC_WARN_UNUSED_VARIABLE = YES;
				IPHONEOS_DEPLOYMENT_TARGET = 9.0;
				MTL_ENABLE_DEBUG_INFO = NO;
				SDKROOT = iphoneos;
				VALIDATE_PRODUCT = YES;
			};
			name = Release;
		};
		207ABEA91BC8A5EA0091F26B /* Debug */ = {
			isa = XCBuildConfiguration;
			buildSettings = {
				INFOPLIST_FILE = "On Q WatchKit Extension/Info.plist";
				LD_RUNPATH_SEARCH_PATHS = "$(inherited) @executable_path/Frameworks @executable_path/../../Frameworks";
				PRODUCT_BUNDLE_IDENTIFIER = "com.stusoft.On-Q.watchkitapp.watchkitextension";
				PRODUCT_NAME = "${TARGET_NAME}";
				SDKROOT = watchos;
				SKIP_INSTALL = YES;
				TARGETED_DEVICE_FAMILY = 4;
				WATCHOS_DEPLOYMENT_TARGET = 2.0;
			};
			name = Debug;
		};
		207ABEAA1BC8A5EA0091F26B /* Release */ = {
			isa = XCBuildConfiguration;
			buildSettings = {
				INFOPLIST_FILE = "On Q WatchKit Extension/Info.plist";
				LD_RUNPATH_SEARCH_PATHS = "$(inherited) @executable_path/Frameworks @executable_path/../../Frameworks";
				PRODUCT_BUNDLE_IDENTIFIER = "com.stusoft.On-Q.watchkitapp.watchkitextension";
				PRODUCT_NAME = "${TARGET_NAME}";
				SDKROOT = watchos;
				SKIP_INSTALL = YES;
				TARGETED_DEVICE_FAMILY = 4;
				WATCHOS_DEPLOYMENT_TARGET = 2.0;
			};
			name = Release;
		};
		207ABEAD1BC8A5EA0091F26B /* Debug */ = {
			isa = XCBuildConfiguration;
			buildSettings = {
				ASSETCATALOG_COMPILER_APPICON_NAME = AppIcon;
				EMBEDDED_CONTENT_CONTAINS_SWIFT = YES;
				IBSC_MODULE = On_Q_WatchKit_Extension;
				INFOPLIST_FILE = "On Q WatchKit App/Info.plist";
				PRODUCT_BUNDLE_IDENTIFIER = "com.stusoft.On-Q.watchkitapp";
				PRODUCT_NAME = "$(TARGET_NAME)";
				SDKROOT = watchos;
				SKIP_INSTALL = YES;
				TARGETED_DEVICE_FAMILY = 4;
				WATCHOS_DEPLOYMENT_TARGET = 2.0;
			};
			name = Debug;
		};
		207ABEAE1BC8A5EA0091F26B /* Release */ = {
			isa = XCBuildConfiguration;
			buildSettings = {
				ASSETCATALOG_COMPILER_APPICON_NAME = AppIcon;
				EMBEDDED_CONTENT_CONTAINS_SWIFT = YES;
				IBSC_MODULE = On_Q_WatchKit_Extension;
				INFOPLIST_FILE = "On Q WatchKit App/Info.plist";
				PRODUCT_BUNDLE_IDENTIFIER = "com.stusoft.On-Q.watchkitapp";
				PRODUCT_NAME = "$(TARGET_NAME)";
				SDKROOT = watchos;
				SKIP_INSTALL = YES;
				TARGETED_DEVICE_FAMILY = 4;
				WATCHOS_DEPLOYMENT_TARGET = 2.0;
			};
			name = Release;
		};
		207ABEB11BC8A5EA0091F26B /* Debug */ = {
			isa = XCBuildConfiguration;
			buildSettings = {
				ASSETCATALOG_COMPILER_APPICON_NAME = AppIcon;
				INFOPLIST_FILE = "On Q/Info.plist";
				LD_RUNPATH_SEARCH_PATHS = "$(inherited) @executable_path/Frameworks";
				PRODUCT_BUNDLE_IDENTIFIER = "com.stusoft.On-Q";
				PRODUCT_NAME = "$(TARGET_NAME)";
			};
			name = Debug;
		};
		207ABEB21BC8A5EA0091F26B /* Release */ = {
			isa = XCBuildConfiguration;
			buildSettings = {
				ASSETCATALOG_COMPILER_APPICON_NAME = AppIcon;
				INFOPLIST_FILE = "On Q/Info.plist";
				LD_RUNPATH_SEARCH_PATHS = "$(inherited) @executable_path/Frameworks";
				PRODUCT_BUNDLE_IDENTIFIER = "com.stusoft.On-Q";
				PRODUCT_NAME = "$(TARGET_NAME)";
			};
			name = Release;
		};
/* End XCBuildConfiguration section */

/* Begin XCConfigurationList section */
		207ABE741BC8A5EA0091F26B /* Build configuration list for PBXProject "On Q" */ = {
			isa = XCConfigurationList;
			buildConfigurations = (
				207ABEA61BC8A5EA0091F26B /* Debug */,
				207ABEA71BC8A5EA0091F26B /* Release */,
			);
			defaultConfigurationIsVisible = 0;
			defaultConfigurationName = Release;
		};
		207ABEA81BC8A5EA0091F26B /* Build configuration list for PBXNativeTarget "On Q WatchKit Extension" */ = {
			isa = XCConfigurationList;
			buildConfigurations = (
				207ABEA91BC8A5EA0091F26B /* Debug */,
				207ABEAA1BC8A5EA0091F26B /* Release */,
			);
			defaultConfigurationIsVisible = 0;
			defaultConfigurationName = Release;
		};
		207ABEAC1BC8A5EA0091F26B /* Build configuration list for PBXNativeTarget "On Q WatchKit App" */ = {
			isa = XCConfigurationList;
			buildConfigurations = (
				207ABEAD1BC8A5EA0091F26B /* Debug */,
				207ABEAE1BC8A5EA0091F26B /* Release */,
			);
			defaultConfigurationIsVisible = 0;
			defaultConfigurationName = Release;
		};
		207ABEB01BC8A5EA0091F26B /* Build configuration list for PBXNativeTarget "On Q" */ = {
			isa = XCConfigurationList;
			buildConfigurations = (
				207ABEB11BC8A5EA0091F26B /* Debug */,
				207ABEB21BC8A5EA0091F26B /* Release */,
			);
			defaultConfigurationIsVisible = 0;
			defaultConfigurationName = Release;
		};
/* End XCConfigurationList section */
	};
	rootObject = 207ABE711BC8A5EA0091F26B /* Project object */;
}
